// !$*UTF8*$!
{
	archiveVersion = 1;
	classes = {
	};
	objectVersion = 46;
	objects = {

/* Begin PBXBuildFile section */
		DC1C20F51BB969170006B3C3 /* CBManager.h in CopyFiles */ = {isa = PBXBuildFile; fileRef = DC1C20F41BB969170006B3C3 /* CBManager.h */; };
		DC1C20F71BB969170006B3C3 /* CBManager.m in Sources */ = {isa = PBXBuildFile; fileRef = DC1C20F61BB969170006B3C3 /* CBManager.m */; };
/* End PBXBuildFile section */

/* Begin PBXCopyFilesBuildPhase section */
		DC1C20EF1BB969170006B3C3 /* CopyFiles */ = {
			isa = PBXCopyFilesBuildPhase;
			buildActionMask = 2147483647;
			dstPath = "include/$(PRODUCT_NAME)";
			dstSubfolderSpec = 16;
			files = (
				DC1C20F51BB969170006B3C3 /* CBManager.h in CopyFiles */,
			);
			runOnlyForDeploymentPostprocessing = 0;
		};
/* End PBXCopyFilesBuildPhase section */

/* Begin PBXFileReference section */
		DC1C20F11BB969170006B3C3 /* libCBManager.a */ = {isa = PBXFileReference; explicitFileType = archive.ar; includeInIndex = 0; path = libCBManager.a; sourceTree = BUILT_PRODUCTS_DIR; };
		DC1C20F41BB969170006B3C3 /* CBManager.h */ = {isa = PBXFileReference; lastKnownFileType = sourcecode.c.h; path = CBManager.h; sourceTree = "<group>"; };
		DC1C20F61BB969170006B3C3 /* CBManager.m */ = {isa = PBXFileReference; lastKnownFileType = sourcecode.c.objc; path = CBManager.m; sourceTree = "<group>"; };
		DC1C20FD1BB9693F0006B3C3 /* SERVICES.h */ = {isa = PBXFileReference; fileEncoding = 4; lastKnownFileType = sourcecode.c.h; path = SERVICES.h; sourceTree = "<group>"; };
/* End PBXFileReference section */

/* Begin PBXFrameworksBuildPhase section */
		DC1C20EE1BB969170006B3C3 /* Frameworks */ = {
			isa = PBXFrameworksBuildPhase;
			buildActionMask = 2147483647;
			files = (
			);
			runOnlyForDeploymentPostprocessing = 0;
		};
/* End PBXFrameworksBuildPhase section */

/* Begin PBXGroup section */
		DC1C20E81BB969170006B3C3 = {
			isa = PBXGroup;
			children = (
				DC1C20F31BB969170006B3C3 /* CBManager */,
				DC1C20F21BB969170006B3C3 /* Products */,
			);
			sourceTree = "<group>";
		};
		DC1C20F21BB969170006B3C3 /* Products */ = {
			isa = PBXGroup;
			children = (
				DC1C20F11BB969170006B3C3 /* libCBManager.a */,
			);
			name = Products;
			sourceTree = "<group>";
		};
		DC1C20F31BB969170006B3C3 /* CBManager */ = {
			isa = PBXGroup;
			children = (
				DC1C20F41BB969170006B3C3 /* CBManager.h */,
				DC1C20F61BB969170006B3C3 /* CBManager.m */,
				DC1C20FD1BB9693F0006B3C3 /* SERVICES.h */,
			);
			path = CBManager;
			sourceTree = "<group>";
		};
/* End PBXGroup section */

/* Begin PBXNativeTarget section */
		DC1C20F01BB969170006B3C3 /* CBManager */ = {
			isa = PBXNativeTarget;
			buildConfigurationList = DC1C20FA1BB969170006B3C3 /* Build configuration list for PBXNativeTarget "CBManager" */;
			buildPhases = (
				DC1C20ED1BB969170006B3C3 /* Sources */,
				DC1C20EE1BB969170006B3C3 /* Frameworks */,
				DC1C20EF1BB969170006B3C3 /* CopyFiles */,
			);
			buildRules = (
			);
			dependencies = (
			);
			name = CBManager;
			productName = CBManager;
			productReference = DC1C20F11BB969170006B3C3 /* libCBManager.a */;
			productType = "com.apple.product-type.library.static";
		};
/* End PBXNativeTarget section */

/* Begin PBXProject section */
		DC1C20E91BB969170006B3C3 /* Project object */ = {
			isa = PBXProject;
			attributes = {
				LastUpgradeCheck = 0700;
				ORGANIZATIONNAME = Incoding;
				TargetAttributes = {
					DC1C20F01BB969170006B3C3 = {
						CreatedOnToolsVersion = 7.0;
					};
				};
			};
			buildConfigurationList = DC1C20EC1BB969170006B3C3 /* Build configuration list for PBXProject "CBManager" */;
			compatibilityVersion = "Xcode 3.2";
			developmentRegion = English;
			hasScannedForEncodings = 0;
			knownRegions = (
				en,
			);
			mainGroup = DC1C20E81BB969170006B3C3;
			productRefGroup = DC1C20F21BB969170006B3C3 /* Products */;
			projectDirPath = "";
			projectRoot = "";
			targets = (
				DC1C20F01BB969170006B3C3 /* CBManager */,
			);
		};
/* End PBXProject section */

/* Begin PBXSourcesBuildPhase section */
		DC1C20ED1BB969170006B3C3 /* Sources */ = {
			isa = PBXSourcesBuildPhase;
			buildActionMask = 2147483647;
			files = (
				DC1C20F71BB969170006B3C3 /* CBManager.m in Sources */,
			);
			runOnlyForDeploymentPostprocessing = 0;
		};
/* End PBXSourcesBuildPhase section */

/* Begin XCBuildConfiguration section */
		DC1C20F81BB969170006B3C3 /* Debug */ = {
			isa = XCBuildConfiguration;
			buildSettings = {
				ALWAYS_SEARCH_USER_PATHS = NO;
				CLANG_CXX_LANGUAGE_STANDARD = "gnu++0x";
				CLANG_CXX_LIBRARY = "libc++";
				CLANG_ENABLE_MODULES = YES;
				CLANG_ENABLE_OBJC_ARC = YES;
				CLANG_WARN_BOOL_CONVERSION = YES;
				CLANG_WARN_CONSTANT_CONVERSION = YES;
				CLANG_WARN_DIRECT_OBJC_ISA_USAGE = YES_ERROR;
				CLANG_WARN_EMPTY_BODY = YES;
				CLANG_WARN_ENUM_CONVERSION = YES;
				CLANG_WARN_INT_CONVERSION = YES;
				CLANG_WARN_OBJC_ROOT_CLASS = YES_ERROR;
				CLANG_WARN_UNREACHABLE_CODE = YES;
				CLANG_WARN__DUPLICATE_METHOD_MATCH = YES;
				COPY_PHASE_STRIP = NO;
				DEBUG_INFORMATION_FORMAT = dwarf;
				ENABLE_STRICT_OBJC_MSGSEND = YES;
				ENABLE_TESTABILITY = YES;
				GCC_C_LANGUAGE_STANDARD = gnu99;
				GCC_DYNAMIC_NO_PIC = NO;
				GCC_NO_COMMON_BLOCKS = YES;
				GCC_OPTIMIZATION_LEVEL = 0;
				GCC_PREPROCESSOR_DEFINITIONS = (
					"DEBUG=1",
					"$(inherited)",
				);
				GCC_WARN_64_TO_32_BIT_CONVERSION = YES;
				GCC_WARN_ABOUT_RETURN_TYPE = YES_ERROR;
				GCC_WARN_UNDECLARED_SELECTOR = YES;
				GCC_WARN_UNINITIALIZED_AUTOS = YES_AGGRESSIVE;
				GCC_WARN_UNUSED_FUNCTION = YES;
				GCC_WARN_UNUSED_VARIABLE = YES;
				IPHONEOS_DEPLOYMENT_TARGET = 9.0;
				MTL_ENABLE_DEBUG_INFO = YES;
				ONLY_ACTIVE_ARCH = YES;
				SDKROOT = iphoneos;
			};
			name = Debug;
		};
		DC1C20F91BB969170006B3C3 /* Release */ = {
			isa = XCBuildConfiguration;
			buildSettings = {
				ALWAYS_SEARCH_USER_PATHS = NO;
				CLANG_CXX_LANGUAGE_STANDARD = "gnu++0x";
				CLANG_CXX_LIBRARY = "libc++";
				CLANG_ENABLE_MODULES = YES;
				CLANG_ENABLE_OBJC_ARC = YES;
				CLANG_WARN_BOOL_CONVERSION = YES;
				CLANG_WARN_CONSTANT_CONVERSION = YES;
				CLANG_WARN_DIRECT_OBJC_ISA_USAGE = YES_ERROR;
				CLANG_WARN_EMPTY_BODY = YES;
				CLANG_WARN_ENUM_CONVERSION = YES;
				CLANG_WARN_INT_CONVERSION = YES;
				CLANG_WARN_OBJC_ROOT_CLASS = YES_ERROR;
				CLANG_WARN_UNREACHABLE_CODE = YES;
				CLANG_WARN__DUPLICATE_METHOD_MATCH = YES;
				COPY_PHASE_STRIP = NO;
				DEBUG_INFORMATION_FORMAT = "dwarf-with-dsym";
				ENABLE_NS_ASSERTIONS = NO;
				ENABLE_STRICT_OBJC_MSGSEND = YES;
				GCC_C_LANGUAGE_STANDARD = gnu99;
				GCC_NO_COMMON_BLOCKS = YES;
				GCC_WARN_64_TO_32_BIT_CONVERSION = YES;
				GCC_WARN_ABOUT_RETURN_TYPE = YES_ERROR;
				GCC_WARN_UNDECLARED_SELECTOR = YES;
				GCC_WARN_UNINITIALIZED_AUTOS = YES_AGGRESSIVE;
				GCC_WARN_UNUSED_FUNCTION = YES;
				GCC_WARN_UNUSED_VARIABLE = YES;
				IPHONEOS_DEPLOYMENT_TARGET = 9.0;
				MTL_ENABLE_DEBUG_INFO = NO;
				SDKROOT = iphoneos;
				VALIDATE_PRODUCT = YES;
			};
			name = Release;
		};
		DC1C20FB1BB969170006B3C3 /* Debug */ = {
			isa = XCBuildConfiguration;
			buildSettings = {
				OTHER_LDFLAGS = "-ObjC";
				PRODUCT_NAME = "$(TARGET_NAME)";
				SKIP_INSTALL = YES;
			};
			name = Debug;
		};
		DC1C20FC1BB969170006B3C3 /* Release */ = {
			isa = XCBuildConfiguration;
			buildSettings = {
				OTHER_LDFLAGS = "-ObjC";
				PRODUCT_NAME = "$(TARGET_NAME)";
				SKIP_INSTALL = YES;
			};
			name = Release;
		};
/* End XCBuildConfiguration section */

/* Begin XCConfigurationList section */
		DC1C20EC1BB969170006B3C3 /* Build configuration list for PBXProject "CBManager" */ = {
			isa = XCConfigurationList;
			buildConfigurations = (
				DC1C20F81BB969170006B3C3 /* Debug */,
				DC1C20F91BB969170006B3C3 /* Release */,
			);
			defaultConfigurationIsVisible = 0;
			defaultConfigurationName = Release;
		};
		DC1C20FA1BB969170006B3C3 /* Build configuration list for PBXNativeTarget "CBManager" */ = {
			isa = XCConfigurationList;
			buildConfigurations = (
				DC1C20FB1BB969170006B3C3 /* Debug */,
				DC1C20FC1BB969170006B3C3 /* Release */,
			);
			defaultConfigurationIsVisible = 0;
		};
/* End XCConfigurationList section */
	};
	rootObject = DC1C20E91BB969170006B3C3 /* Project object */;
}
