PODS:
  - AFNetworking (3.0.4):
    - AFNetworking/NSURLSession (= 3.0.4)
    - AFNetworking/Reachability (= 3.0.4)
    - AFNetworking/Security (= 3.0.4)
    - AFNetworking/Serialization (= 3.0.4)
    - AFNetworking/UIKit (= 3.0.4)
  - AFNetworking/NSURLSession (3.0.4):
    - AFNetworking/Reachability
    - AFNetworking/Security
    - AFNetworking/Serialization
  - AFNetworking/Reachability (3.0.4)
  - AFNetworking/Security (3.0.4)
  - AFNetworking/Serialization (3.0.4)
  - AFNetworking/UIKit (3.0.4):
    - AFNetworking/NSURLSession
  - CorePlot (2.0)
  - SDiPhoneVersion (1.1.2)

DEPENDENCIES:
  - AFNetworking
  - CorePlot
  - SDiPhoneVersion

SPEC CHECKSUMS:
  AFNetworking: a0075feb321559dc78d9d85b55d11caa19eabb93
  CorePlot: b7f422ad363f2b0e48152471d6da45ce232eb8c6
  SDiPhoneVersion: c52245ccaab8142701e2e7fb8f0391ba3f255b76

COCOAPODS: 0.39.0
